
Microsoft Visual Studio Solution File, Format Version 12.00
Project("{FAE04EC0-301F-11D3-BF4B-00C04F79EFBC}") = "UnitTesting", "UnitTesting\UnitTesting.csproj", "{7B8D8C1F-65F4-488F-8F69-29BA8A9FE76B}"
EndProject
Project("{FAE04EC0-301F-11D3-BF4B-00C04F79EFBC}") = "UnitTestingTests", "UnitTestingTests\UnitTestingTests.csproj", "{125B6B4E-E875-428D-9598-D56E0D0CE7A8}"
EndProject
Global
	GlobalSection(SolutionConfigurationPlatforms) = preSolution
		Debug|Any CPU = Debug|Any CPU
		Release|Any CPU = Release|Any CPU
	EndGlobalSection
	GlobalSection(ProjectConfigurationPlatforms) = postSolution
		{7B8D8C1F-65F4-488F-8F69-29BA8A9FE76B}.Debug|Any CPU.ActiveCfg = Debug|Any CPU
		{7B8D8C1F-65F4-488F-8F69-29BA8A9FE76B}.Debug|Any CPU.Build.0 = Debug|Any CPU
		{7B8D8C1F-65F4-488F-8F69-29BA8A9FE76B}.Release|Any CPU.ActiveCfg = Release|Any CPU
		{7B8D8C1F-65F4-488F-8F69-29BA8A9FE76B}.Release|Any CPU.Build.0 = Release|Any CPU
		{125B6B4E-E875-428D-9598-D56E0D0CE7A8}.Debug|Any CPU.ActiveCfg = Debug|Any CPU
		{125B6B4E-E875-428D-9598-D56E0D0CE7A8}.Debug|Any CPU.Build.0 = Debug|Any CPU
		{125B6B4E-E875-428D-9598-D56E0D0CE7A8}.Release|Any CPU.ActiveCfg = Release|Any CPU
		{125B6B4E-E875-428D-9598-D56E0D0CE7A8}.Release|Any CPU.Build.0 = Release|Any CPU
	EndGlobalSection
EndGlobal
